// !$*UTF8*$!
{
	archiveVersion = 1;
	classes = {
	};
	objectVersion = 50;
	objects = {

/* Begin PBXBuildFile section */
		840220212680B449003C9419 /* AppDelegate.swift in Sources */ = {isa = PBXBuildFile; fileRef = 840220202680B449003C9419 /* AppDelegate.swift */; };
		840220232680B449003C9419 /* SceneDelegate.swift in Sources */ = {isa = PBXBuildFile; fileRef = 840220222680B449003C9419 /* SceneDelegate.swift */; };
		840220252680B449003C9419 /* ViewController.swift in Sources */ = {isa = PBXBuildFile; fileRef = 840220242680B449003C9419 /* ViewController.swift */; };
		840220282680B449003C9419 /* Main.storyboard in Resources */ = {isa = PBXBuildFile; fileRef = 840220262680B449003C9419 /* Main.storyboard */; };
		8402202A2680B44A003C9419 /* Assets.xcassets in Resources */ = {isa = PBXBuildFile; fileRef = 840220292680B44A003C9419 /* Assets.xcassets */; };
		8402202D2680B44A003C9419 /* LaunchScreen.storyboard in Resources */ = {isa = PBXBuildFile; fileRef = 8402202B2680B44A003C9419 /* LaunchScreen.storyboard */; };
		840220382680B44B003C9419 /* TestTests.swift in Sources */ = {isa = PBXBuildFile; fileRef = 840220372680B44B003C9419 /* TestTests.swift */; };
		840220432680B44B003C9419 /* TestUITests.swift in Sources */ = {isa = PBXBuildFile; fileRef = 840220422680B44B003C9419 /* TestUITests.swift */; };
		840220512680B4E4003C9419 /* cars.swift in Sources */ = {isa = PBXBuildFile; fileRef = 840220502680B4E4003C9419 /* cars.swift */; };
/* End PBXBuildFile section */

/* Begin PBXContainerItemProxy section */
		840220342680B44B003C9419 /* PBXContainerItemProxy */ = {
			isa = PBXContainerItemProxy;
			containerPortal = 840220152680B449003C9419 /* Project object */;
			proxyType = 1;
			remoteGlobalIDString = 8402201C2680B449003C9419;
			remoteInfo = Test;
		};
		8402203F2680B44B003C9419 /* PBXContainerItemProxy */ = {
			isa = PBXContainerItemProxy;
			containerPortal = 840220152680B449003C9419 /* Project object */;
			proxyType = 1;
			remoteGlobalIDString = 8402201C2680B449003C9419;
			remoteInfo = Test;
		};
/* End PBXContainerItemProxy section */

/* Begin PBXFileReference section */
		8402201D2680B449003C9419 /* Test.app */ = {isa = PBXFileReference; explicitFileType = wrapper.application; includeInIndex = 0; path = Test.app; sourceTree = BUILT_PRODUCTS_DIR; };
		840220202680B449003C9419 /* AppDelegate.swift */ = {isa = PBXFileReference; lastKnownFileType = sourcecode.swift; path = AppDelegate.swift; sourceTree = "<group>"; };
		840220222680B449003C9419 /* SceneDelegate.swift */ = {isa = PBXFileReference; lastKnownFileType = sourcecode.swift; path = SceneDelegate.swift; sourceTree = "<group>"; };
		840220242680B449003C9419 /* ViewController.swift */ = {isa = PBXFileReference; lastKnownFileType = sourcecode.swift; path = ViewController.swift; sourceTree = "<group>"; };
		840220272680B449003C9419 /* Base */ = {isa = PBXFileReference; lastKnownFileType = file.storyboard; name = Base; path = Base.lproj/Main.storyboard; sourceTree = "<group>"; };
		840220292680B44A003C9419 /* Assets.xcassets */ = {isa = PBXFileReference; lastKnownFileType = folder.assetcatalog; path = Assets.xcassets; sourceTree = "<group>"; };
		8402202C2680B44A003C9419 /* Base */ = {isa = PBXFileReference; lastKnownFileType = file.storyboard; name = Base; path = Base.lproj/LaunchScreen.storyboard; sourceTree = "<group>"; };
		8402202E2680B44A003C9419 /* Info.plist */ = {isa = PBXFileReference; lastKnownFileType = text.plist.xml; path = Info.plist; sourceTree = "<group>"; };
		840220332680B44B003C9419 /* TestTests.xctest */ = {isa = PBXFileReference; explicitFileType = wrapper.cfbundle; includeInIndex = 0; path = TestTests.xctest; sourceTree = BUILT_PRODUCTS_DIR; };
		840220372680B44B003C9419 /* TestTests.swift */ = {isa = PBXFileReference; lastKnownFileType = sourcecode.swift; path = TestTests.swift; sourceTree = "<group>"; };
		840220392680B44B003C9419 /* Info.plist */ = {isa = PBXFileReference; lastKnownFileType = text.plist.xml; path = Info.plist; sourceTree = "<group>"; };
		8402203E2680B44B003C9419 /* TestUITests.xctest */ = {isa = PBXFileReference; explicitFileType = wrapper.cfbundle; includeInIndex = 0; path = TestUITests.xctest; sourceTree = BUILT_PRODUCTS_DIR; };
		840220422680B44B003C9419 /* TestUITests.swift */ = {isa = PBXFileReference; lastKnownFileType = sourcecode.swift; path = TestUITests.swift; sourceTree = "<group>"; };
		840220442680B44B003C9419 /* Info.plist */ = {isa = PBXFileReference; lastKnownFileType = text.plist.xml; path = Info.plist; sourceTree = "<group>"; };
		840220502680B4E4003C9419 /* cars.swift */ = {isa = PBXFileReference; lastKnownFileType = sourcecode.swift; path = cars.swift; sourceTree = "<group>"; };
/* End PBXFileReference section */

/* Begin PBXFrameworksBuildPhase section */
		8402201A2680B449003C9419 /* Frameworks */ = {
			isa = PBXFrameworksBuildPhase;
			buildActionMask = 2147483647;
			files = (
			);
			runOnlyForDeploymentPostprocessing = 0;
		};
		840220302680B44B003C9419 /* Frameworks */ = {
			isa = PBXFrameworksBuildPhase;
			buildActionMask = 2147483647;
			files = (
			);
			runOnlyForDeploymentPostprocessing = 0;
		};
		8402203B2680B44B003C9419 /* Frameworks */ = {
			isa = PBXFrameworksBuildPhase;
			buildActionMask = 2147483647;
			files = (
			);
			runOnlyForDeploymentPostprocessing = 0;
		};
/* End PBXFrameworksBuildPhase section */

/* Begin PBXGroup section */
		840220142680B449003C9419 = {
			isa = PBXGroup;
			children = (
				8402201F2680B449003C9419 /* Test */,
				840220362680B44B003C9419 /* TestTests */,
				840220412680B44B003C9419 /* TestUITests */,
				8402201E2680B449003C9419 /* Products */,
			);
			sourceTree = "<group>";
		};
		8402201E2680B449003C9419 /* Products */ = {
			isa = PBXGroup;
			children = (
				8402201D2680B449003C9419 /* Test.app */,
				840220332680B44B003C9419 /* TestTests.xctest */,
				8402203E2680B44B003C9419 /* TestUITests.xctest */,
			);
			name = Products;
			sourceTree = "<group>";
		};
		8402201F2680B449003C9419 /* Test */ = {
			isa = PBXGroup;
			children = (
				840220202680B449003C9419 /* AppDelegate.swift */,
				840220222680B449003C9419 /* SceneDelegate.swift */,
				840220242680B449003C9419 /* ViewController.swift */,
				840220502680B4E4003C9419 /* cars.swift */,
				840220262680B449003C9419 /* Main.storyboard */,
				840220292680B44A003C9419 /* Assets.xcassets */,
				8402202B2680B44A003C9419 /* LaunchScreen.storyboard */,
				8402202E2680B44A003C9419 /* Info.plist */,
			);
			path = Test;
			sourceTree = "<group>";
		};
		840220362680B44B003C9419 /* TestTests */ = {
			isa = PBXGroup;
			children = (
				840220372680B44B003C9419 /* TestTests.swift */,
				840220392680B44B003C9419 /* Info.plist */,
			);
			path = TestTests;
			sourceTree = "<group>";
		};
		840220412680B44B003C9419 /* TestUITests */ = {
			isa = PBXGroup;
			children = (
				840220422680B44B003C9419 /* TestUITests.swift */,
				840220442680B44B003C9419 /* Info.plist */,
			);
			path = TestUITests;
			sourceTree = "<group>";
		};
/* End PBXGroup section */

/* Begin PBXNativeTarget section */
		8402201C2680B449003C9419 /* Test */ = {
			isa = PBXNativeTarget;
			buildConfigurationList = 840220472680B44B003C9419 /* Build configuration list for PBXNativeTarget "Test" */;
			buildPhases = (
				840220192680B449003C9419 /* Sources */,
				8402201A2680B449003C9419 /* Frameworks */,
				8402201B2680B449003C9419 /* Resources */,
			);
			buildRules = (
			);
			dependencies = (
			);
			name = Test;
			productName = Test;
			productReference = 8402201D2680B449003C9419 /* Test.app */;
			productType = "com.apple.product-type.application";
		};
		840220322680B44B003C9419 /* TestTests */ = {
			isa = PBXNativeTarget;
			buildConfigurationList = 8402204A2680B44B003C9419 /* Build configuration list for PBXNativeTarget "TestTests" */;
			buildPhases = (
				8402202F2680B44B003C9419 /* Sources */,
				840220302680B44B003C9419 /* Frameworks */,
				840220312680B44B003C9419 /* Resources */,
			);
			buildRules = (
			);
			dependencies = (
				840220352680B44B003C9419 /* PBXTargetDependency */,
			);
			name = TestTests;
			productName = TestTests;
			productReference = 840220332680B44B003C9419 /* TestTests.xctest */;
			productType = "com.apple.product-type.bundle.unit-test";
		};
		8402203D2680B44B003C9419 /* TestUITests */ = {
			isa = PBXNativeTarget;
			buildConfigurationList = 8402204D2680B44B003C9419 /* Build configuration list for PBXNativeTarget "TestUITests" */;
			buildPhases = (
				8402203A2680B44B003C9419 /* Sources */,
				8402203B2680B44B003C9419 /* Frameworks */,
				8402203C2680B44B003C9419 /* Resources */,
			);
			buildRules = (
			);
			dependencies = (
				840220402680B44B003C9419 /* PBXTargetDependency */,
			);
			name = TestUITests;
			productName = TestUITests;
			productReference = 8402203E2680B44B003C9419 /* TestUITests.xctest */;
			productType = "com.apple.product-type.bundle.ui-testing";
		};
/* End PBXNativeTarget section */

/* Begin PBXProject section */
		840220152680B449003C9419 /* Project object */ = {
			isa = PBXProject;
			attributes = {
				LastSwiftUpdateCheck = 1250;
				LastUpgradeCheck = 1250;
				TargetAttributes = {
					8402201C2680B449003C9419 = {
						CreatedOnToolsVersion = 12.5;
					};
					840220322680B44B003C9419 = {
						CreatedOnToolsVersion = 12.5;
						TestTargetID = 8402201C2680B449003C9419;
					};
					8402203D2680B44B003C9419 = {
						CreatedOnToolsVersion = 12.5;
						TestTargetID = 8402201C2680B449003C9419;
					};
				};
			};
			buildConfigurationList = 840220182680B449003C9419 /* Build configuration list for PBXProject "Test" */;
			compatibilityVersion = "Xcode 9.3";
			developmentRegion = en;
			hasScannedForEncodings = 0;
			knownRegions = (
				en,
				Base,
			);
			mainGroup = 840220142680B449003C9419;
			productRefGroup = 8402201E2680B449003C9419 /* Products */;
			projectDirPath = "";
			projectRoot = "";
			targets = (
				8402201C2680B449003C9419 /* Test */,
				840220322680B44B003C9419 /* TestTests */,
				8402203D2680B44B003C9419 /* TestUITests */,
			);
		};
/* End PBXProject section */

/* Begin PBXResourcesBuildPhase section */
		8402201B2680B449003C9419 /* Resources */ = {
			isa = PBXResourcesBuildPhase;
			buildActionMask = 2147483647;
			files = (
				8402202D2680B44A003C9419 /* LaunchScreen.storyboard in Resources */,
				8402202A2680B44A003C9419 /* Assets.xcassets in Resources */,
				840220282680B449003C9419 /* Main.storyboard in Resources */,
			);
			runOnlyForDeploymentPostprocessing = 0;
		};
		840220312680B44B003C9419 /* Resources */ = {
			isa = PBXResourcesBuildPhase;
			buildActionMask = 2147483647;
			files = (
			);
			runOnlyForDeploymentPostprocessing = 0;
		};
		8402203C2680B44B003C9419 /* Resources */ = {
			isa = PBXResourcesBuildPhase;
			buildActionMask = 2147483647;
			files = (
			);
			runOnlyForDeploymentPostprocessing = 0;
		};
/* End PBXResourcesBuildPhase section */

/* Begin PBXSourcesBuildPhase section */
		840220192680B449003C9419 /* Sources */ = {
			isa = PBXSourcesBuildPhase;
			buildActionMask = 2147483647;
			files = (
				840220252680B449003C9419 /* ViewController.swift in Sources */,
				840220212680B449003C9419 /* AppDelegate.swift in Sources */,
				840220512680B4E4003C9419 /* cars.swift in Sources */,
				840220232680B449003C9419 /* SceneDelegate.swift in Sources */,
			);
			runOnlyForDeploymentPostprocessing = 0;
		};
		8402202F2680B44B003C9419 /* Sources */ = {
			isa = PBXSourcesBuildPhase;
			buildActionMask = 2147483647;
			files = (
				840220382680B44B003C9419 /* TestTests.swift in Sources */,
			);
			runOnlyForDeploymentPostprocessing = 0;
		};
		8402203A2680B44B003C9419 /* Sources */ = {
			isa = PBXSourcesBuildPhase;
			buildActionMask = 2147483647;
			files = (
				840220432680B44B003C9419 /* TestUITests.swift in Sources */,
			);
			runOnlyForDeploymentPostprocessing = 0;
		};
/* End PBXSourcesBuildPhase section */

/* Begin PBXTargetDependency section */
		840220352680B44B003C9419 /* PBXTargetDependency */ = {
			isa = PBXTargetDependency;
			target = 8402201C2680B449003C9419 /* Test */;
			targetProxy = 840220342680B44B003C9419 /* PBXContainerItemProxy */;
		};
		840220402680B44B003C9419 /* PBXTargetDependency */ = {
			isa = PBXTargetDependency;
			target = 8402201C2680B449003C9419 /* Test */;
			targetProxy = 8402203F2680B44B003C9419 /* PBXContainerItemProxy */;
		};
/* End PBXTargetDependency section */

/* Begin PBXVariantGroup section */
		840220262680B449003C9419 /* Main.storyboard */ = {
			isa = PBXVariantGroup;
			children = (
				840220272680B449003C9419 /* Base */,
			);
			name = Main.storyboard;
			sourceTree = "<group>";
		};
		8402202B2680B44A003C9419 /* LaunchScreen.storyboard */ = {
			isa = PBXVariantGroup;
			children = (
				8402202C2680B44A003C9419 /* Base */,
			);
			name = LaunchScreen.storyboard;
			sourceTree = "<group>";
		};
/* End PBXVariantGroup section */

/* Begin XCBuildConfiguration section */
		840220452680B44B003C9419 /* Debug */ = {
			isa = XCBuildConfiguration;
			buildSettings = {
				ALWAYS_SEARCH_USER_PATHS = NO;
				CLANG_ANALYZER_NONNULL = YES;
				CLANG_ANALYZER_NUMBER_OBJECT_CONVERSION = YES_AGGRESSIVE;
				CLANG_CXX_LANGUAGE_STANDARD = "gnu++14";
				CLANG_CXX_LIBRARY = "libc++";
				CLANG_ENABLE_MODULES = YES;
				CLANG_ENABLE_OBJC_ARC = YES;
				CLANG_ENABLE_OBJC_WEAK = YES;
				CLANG_WARN_BLOCK_CAPTURE_AUTORELEASING = YES;
				CLANG_WARN_BOOL_CONVERSION = YES;
				CLANG_WARN_COMMA = YES;
				CLANG_WARN_CONSTANT_CONVERSION = YES;
				CLANG_WARN_DEPRECATED_OBJC_IMPLEMENTATIONS = YES;
				CLANG_WARN_DIRECT_OBJC_ISA_USAGE = YES_ERROR;
				CLANG_WARN_DOCUMENTATION_COMMENTS = YES;
				CLANG_WARN_EMPTY_BODY = YES;
				CLANG_WARN_ENUM_CONVERSION = YES;
				CLANG_WARN_INFINITE_RECURSION = YES;
				CLANG_WARN_INT_CONVERSION = YES;
				CLANG_WARN_NON_LITERAL_NULL_CONVERSION = YES;
				CLANG_WARN_OBJC_IMPLICIT_RETAIN_SELF = YES;
				CLANG_WARN_OBJC_LITERAL_CONVERSION = YES;
				CLANG_WARN_OBJC_ROOT_CLASS = YES_ERROR;
				CLANG_WARN_QUOTED_INCLUDE_IN_FRAMEWORK_HEADER = YES;
				CLANG_WARN_RANGE_LOOP_ANALYSIS = YES;
				CLANG_WARN_STRICT_PROTOTYPES = YES;
				CLANG_WARN_SUSPICIOUS_MOVE = YES;
				CLANG_WARN_UNGUARDED_AVAILABILITY = YES_AGGRESSIVE;
				CLANG_WARN_UNREACHABLE_CODE = YES;
				CLANG_WARN__DUPLICATE_METHOD_MATCH = YES;
				COPY_PHASE_STRIP = NO;
				DEBUG_INFORMATION_FORMAT = dwarf;
				ENABLE_STRICT_OBJC_MSGSEND = YES;
				ENABLE_TESTABILITY = YES;
				GCC_C_LANGUAGE_STANDARD = gnu11;
				GCC_DYNAMIC_NO_PIC = NO;
				GCC_NO_COMMON_BLOCKS = YES;
				GCC_OPTIMIZATION_LEVEL = 0;
				GCC_PREPROCESSOR_DEFINITIONS = (
					"DEBUG=1",
					"$(inherited)",
				);
				GCC_WARN_64_TO_32_BIT_CONVERSION = YES;
				GCC_WARN_ABOUT_RETURN_TYPE = YES_ERROR;
				GCC_WARN_UNDECLARED_SELECTOR = YES;
				GCC_WARN_UNINITIALIZED_AUTOS = YES_AGGRESSIVE;
				GCC_WARN_UNUSED_FUNCTION = YES;
				GCC_WARN_UNUSED_VARIABLE = YES;
				IPHONEOS_DEPLOYMENT_TARGET = 14.5;
				MTL_ENABLE_DEBUG_INFO = INCLUDE_SOURCE;
				MTL_FAST_MATH = YES;
				ONLY_ACTIVE_ARCH = YES;
				SDKROOT = iphoneos;
				SWIFT_ACTIVE_COMPILATION_CONDITIONS = DEBUG;
				SWIFT_OPTIMIZATION_LEVEL = "-Onone";
			};
			name = Debug;
		};
		840220462680B44B003C9419 /* Release */ = {
			isa = XCBuildConfiguration;
			buildSettings = {
				ALWAYS_SEARCH_USER_PATHS = NO;
				CLANG_ANALYZER_NONNULL = YES;
				CLANG_ANALYZER_NUMBER_OBJECT_CONVERSION = YES_AGGRESSIVE;
				CLANG_CXX_LANGUAGE_STANDARD = "gnu++14";
				CLANG_CXX_LIBRARY = "libc++";
				CLANG_ENABLE_MODULES = YES;
				CLANG_ENABLE_OBJC_ARC = YES;
				CLANG_ENABLE_OBJC_WEAK = YES;
				CLANG_WARN_BLOCK_CAPTURE_AUTORELEASING = YES;
				CLANG_WARN_BOOL_CONVERSION = YES;
				CLANG_WARN_COMMA = YES;
				CLANG_WARN_CONSTANT_CONVERSION = YES;
				CLANG_WARN_DEPRECATED_OBJC_IMPLEMENTATIONS = YES;
				CLANG_WARN_DIRECT_OBJC_ISA_USAGE = YES_ERROR;
				CLANG_WARN_DOCUMENTATION_COMMENTS = YES;
				CLANG_WARN_EMPTY_BODY = YES;
				CLANG_WARN_ENUM_CONVERSION = YES;
				CLANG_WARN_INFINITE_RECURSION = YES;
				CLANG_WARN_INT_CONVERSION = YES;
				CLANG_WARN_NON_LITERAL_NULL_CONVERSION = YES;
				CLANG_WARN_OBJC_IMPLICIT_RETAIN_SELF = YES;
				CLANG_WARN_OBJC_LITERAL_CONVERSION = YES;
				CLANG_WARN_OBJC_ROOT_CLASS = YES_ERROR;
				CLANG_WARN_QUOTED_INCLUDE_IN_FRAMEWORK_HEADER = YES;
				CLANG_WARN_RANGE_LOOP_ANALYSIS = YES;
				CLANG_WARN_STRICT_PROTOTYPES = YES;
				CLANG_WARN_SUSPICIOUS_MOVE = YES;
				CLANG_WARN_UNGUARDED_AVAILABILITY = YES_AGGRESSIVE;
				CLANG_WARN_UNREACHABLE_CODE = YES;
				CLANG_WARN__DUPLICATE_METHOD_MATCH = YES;
				COPY_PHASE_STRIP = NO;
				DEBUG_INFORMATION_FORMAT = "dwarf-with-dsym";
				ENABLE_NS_ASSERTIONS = NO;
				ENABLE_STRICT_OBJC_MSGSEND = YES;
				GCC_C_LANGUAGE_STANDARD = gnu11;
				GCC_NO_COMMON_BLOCKS = YES;
				GCC_WARN_64_TO_32_BIT_CONVERSION = YES;
				GCC_WARN_ABOUT_RETURN_TYPE = YES_ERROR;
				GCC_WARN_UNDECLARED_SELECTOR = YES;
				GCC_WARN_UNINITIALIZED_AUTOS = YES_AGGRESSIVE;
				GCC_WARN_UNUSED_FUNCTION = YES;
				GCC_WARN_UNUSED_VARIABLE = YES;
				IPHONEOS_DEPLOYMENT_TARGET = 14.5;
				MTL_ENABLE_DEBUG_INFO = NO;
				MTL_FAST_MATH = YES;
				SDKROOT = iphoneos;
				SWIFT_COMPILATION_MODE = wholemodule;
				SWIFT_OPTIMIZATION_LEVEL = "-O";
				VALIDATE_PRODUCT = YES;
			};
			name = Release;
		};
		840220482680B44B003C9419 /* Debug */ = {
			isa = XCBuildConfiguration;
			buildSettings = {
				ASSETCATALOG_COMPILER_APPICON_NAME = AppIcon;
				ASSETCATALOG_COMPILER_GLOBAL_ACCENT_COLOR_NAME = AccentColor;
				CODE_SIGN_STYLE = Automatic;
				INFOPLIST_FILE = Test/Info.plist;
				LD_RUNPATH_SEARCH_PATHS = (
					"$(inherited)",
					"@executable_path/Frameworks",
				);
				PRODUCT_BUNDLE_IDENTIFIER = kirill.Test;
				PRODUCT_NAME = "$(TARGET_NAME)";
				SWIFT_VERSION = 5.0;
				TARGETED_DEVICE_FAMILY = "1,2";
			};
			name = Debug;
		};
		840220492680B44B003C9419 /* Release */ = {
			isa = XCBuildConfiguration;
			buildSettings = {
				ASSETCATALOG_COMPILER_APPICON_NAME = AppIcon;
				ASSETCATALOG_COMPILER_GLOBAL_ACCENT_COLOR_NAME = AccentColor;
				CODE_SIGN_STYLE = Automatic;
				INFOPLIST_FILE = Test/Info.plist;
				LD_RUNPATH_SEARCH_PATHS = (
					"$(inherited)",
					"@executable_path/Frameworks",
				);
				PRODUCT_BUNDLE_IDENTIFIER = kirill.Test;
				PRODUCT_NAME = "$(TARGET_NAME)";
				SWIFT_VERSION = 5.0;
				TARGETED_DEVICE_FAMILY = "1,2";
			};
			name = Release;
		};
		8402204B2680B44B003C9419 /* Debug */ = {
			isa = XCBuildConfiguration;
			buildSettings = {
				ALWAYS_EMBED_SWIFT_STANDARD_LIBRARIES = YES;
				BUNDLE_LOADER = "$(TEST_HOST)";
				CODE_SIGN_STYLE = Automatic;
				INFOPLIST_FILE = TestTests/Info.plist;
				IPHONEOS_DEPLOYMENT_TARGET = 14.5;
				LD_RUNPATH_SEARCH_PATHS = (
					"$(inherited)",
					"@executable_path/Frameworks",
					"@loader_path/Frameworks",
				);
				PRODUCT_BUNDLE_IDENTIFIER = kirill.TestTests;
				PRODUCT_NAME = "$(TARGET_NAME)";
				SWIFT_VERSION = 5.0;
				TARGETED_DEVICE_FAMILY = "1,2";
				TEST_HOST = "$(BUILT_PRODUCTS_DIR)/Test.app/Test";
			};
			name = Debug;
		};
		8402204C2680B44B003C9419 /* Release */ = {
			isa = XCBuildConfiguration;
			buildSettings = {
				ALWAYS_EMBED_SWIFT_STANDARD_LIBRARIES = YES;
				BUNDLE_LOADER = "$(TEST_HOST)";
				CODE_SIGN_STYLE = Automatic;
				INFOPLIST_FILE = TestTests/Info.plist;
				IPHONEOS_DEPLOYMENT_TARGET = 14.5;
				LD_RUNPATH_SEARCH_PATHS = (
					"$(inherited)",
					"@executable_path/Frameworks",
					"@loader_path/Frameworks",
				);
				PRODUCT_BUNDLE_IDENTIFIER = kirill.TestTests;
				PRODUCT_NAME = "$(TARGET_NAME)";
				SWIFT_VERSION = 5.0;
				TARGETED_DEVICE_FAMILY = "1,2";
				TEST_HOST = "$(BUILT_PRODUCTS_DIR)/Test.app/Test";
			};
			name = Release;
		};
		8402204E2680B44B003C9419 /* Debug */ = {
			isa = XCBuildConfiguration;
			buildSettings = {
				ALWAYS_EMBED_SWIFT_STANDARD_LIBRARIES = YES;
				CODE_SIGN_STYLE = Automatic;
				INFOPLIST_FILE = TestUITests/Info.plist;
				LD_RUNPATH_SEARCH_PATHS = (
					"$(inherited)",
					"@executable_path/Frameworks",
					"@loader_path/Frameworks",
				);
				PRODUCT_BUNDLE_IDENTIFIER = kirill.TestUITests;
				PRODUCT_NAME = "$(TARGET_NAME)";
				SWIFT_VERSION = 5.0;
				TARGETED_DEVICE_FAMILY = "1,2";
				TEST_TARGET_NAME = Test;
			};
			name = Debug;
		};
		8402204F2680B44B003C9419 /* Release */ = {
			isa = XCBuildConfiguration;
			buildSettings = {
				ALWAYS_EMBED_SWIFT_STANDARD_LIBRARIES = YES;
				CODE_SIGN_STYLE = Automatic;
				INFOPLIST_FILE = TestUITests/Info.plist;
				LD_RUNPATH_SEARCH_PATHS = (
					"$(inherited)",
					"@executable_path/Frameworks",
					"@loader_path/Frameworks",
				);
				PRODUCT_BUNDLE_IDENTIFIER = kirill.TestUITests;
				PRODUCT_NAME = "$(TARGET_NAME)";
				SWIFT_VERSION = 5.0;
				TARGETED_DEVICE_FAMILY = "1,2";
				TEST_TARGET_NAME = Test;
			};
			name = Release;
		};
/* End XCBuildConfiguration section */

/* Begin XCConfigurationList section */
		840220182680B449003C9419 /* Build configuration list for PBXProject "Test" */ = {
			isa = XCConfigurationList;
			buildConfigurations = (
				840220452680B44B003C9419 /* Debug */,
				840220462680B44B003C9419 /* Release */,
			);
			defaultConfigurationIsVisible = 0;
			defaultConfigurationName = Release;
		};
		840220472680B44B003C9419 /* Build configuration list for PBXNativeTarget "Test" */ = {
			isa = XCConfigurationList;
			buildConfigurations = (
				840220482680B44B003C9419 /* Debug */,
				840220492680B44B003C9419 /* Release */,
			);
			defaultConfigurationIsVisible = 0;
			defaultConfigurationName = Release;
		};
		8402204A2680B44B003C9419 /* Build configuration list for PBXNativeTarget "TestTests" */ = {
			isa = XCConfigurationList;
			buildConfigurations = (
				8402204B2680B44B003C9419 /* Debug */,
				8402204C2680B44B003C9419 /* Release */,
			);
			defaultConfigurationIsVisible = 0;
			defaultConfigurationName = Release;
		};
		8402204D2680B44B003C9419 /* Build configuration list for PBXNativeTarget "TestUITests" */ = {
			isa = XCConfigurationList;
			buildConfigurations = (
				8402204E2680B44B003C9419 /* Debug */,
				8402204F2680B44B003C9419 /* Release */,
			);
			defaultConfigurationIsVisible = 0;
			defaultConfigurationName = Release;
		};
/* End XCConfigurationList section */
	};
	rootObject = 840220152680B449003C9419 /* Project object */;
}
